{
    "name": "mkdocs-terminal",
    "version": "2.3.0",
    "lockfileVersion": 1,
    "requires": true,
    "dependencies": {
        "cp-file": {
            "version": "7.0.0",
            "resolved": "https://registry.npmjs.org/cp-file/-/cp-file-7.0.0.tgz",
            "integrity": "sha512-0Cbj7gyvFVApzpK/uhCtQ/9kE9UnYpxMzaq5nQQC/Dh4iaj5fxp7iEFIullrYwzj8nf0qnsI1Qsx34hAeAebvw==",
            "requires": {
                "graceful-fs": "^4.1.2",
                "make-dir": "^3.0.0",
                "nested-error-stacks": "^2.0.0",
                "p-event": "^4.1.0"
            }
        },
        "graceful-fs": {
            "version": "4.2.10",
            "resolved": "https://registry.npmjs.org/graceful-fs/-/graceful-fs-4.2.10.tgz",
            "integrity": "sha512-9ByhssR2fPVsNZj478qUUbKfmL0+t5BDVyjShtyZZLiK7ZDAArFFfopyOTj0M05wE2tJPisA4iTnnXl2YoPvOA=="
        },
        "make-dir": {
            "version": "3.1.0",
            "resolved": "https://registry.npmjs.org/make-dir/-/make-dir-3.1.0.tgz",
            "integrity": "sha512-g3FeP20LNwhALb/6Cz6Dd4F2ngze0jz7tbzrD2wAV+o9FeNHe4rL+yK2md0J/fiSf1sa1ADhXqi5+oVwOM/eGw==",
            "requires": {
                "semver": "^6.0.0"
            }
        },
        "nested-error-stacks": {
            "version": "2.1.1",
            "resolved": "https://registry.npmjs.org/nested-error-stacks/-/nested-error-stacks-2.1.1.tgz",
            "integrity": "sha512-9iN1ka/9zmX1ZvLV9ewJYEk9h7RyRRtqdK0woXcqohu8EWIerfPUjYJPg0ULy0UqP7cslmdGc8xKDJcojlKiaw=="
        },
        "p-event": {
            "version": "4.2.0",
            "resolved": "https://registry.npmjs.org/p-event/-/p-event-4.2.0.tgz",
            "integrity": "sha512-KXatOjCRXXkSePPb1Nbi0p0m+gQAwdlbhi4wQKJPI1HsMQS9g+Sqp2o+QHziPr7eYJyOZet836KoHEVM1mwOrQ==",
            "requires": {
                "p-timeout": "^3.1.0"
            }
        },
        "p-finally": {
            "version": "1.0.0",
            "resolved": "https://registry.npmjs.org/p-finally/-/p-finally-1.0.0.tgz",
            "integrity": "sha512-LICb2p9CB7FS+0eR1oqWnHhp0FljGLZCWBE9aix0Uye9W8LTQPwMTYVGWQWIw9RdQiDg4+epXQODwIYJtSJaow=="
        },
        "p-timeout": {
            "version": "3.2.0",
            "resolved": "https://registry.npmjs.org/p-timeout/-/p-timeout-3.2.0.tgz",
            "integrity": "sha512-rhIwUycgwwKcP9yTOOFK/AKsAopjjCakVqLHePO3CC6Mir1Z99xT+R63jZxAT5lFZLa2inS5h+ZS2GvR99/FBg==",
            "requires": {
                "p-finally": "^1.0.0"
            }
        },
        "semver": {
            "version": "6.3.0",
            "resolved": "https://registry.npmjs.org/semver/-/semver-6.3.0.tgz",
            "integrity": "sha512-b39TBaTSfV6yBrapU89p5fKekE2m/NwnDocOVruQFS1/veMgdzuPcnOM34M6CwxW8jH/lxEa5rBoDeUwu5HHTw=="
        },
        "terminal.css": {
            "version": "0.7.2",
            "resolved": "https://registry.npmjs.org/terminal.css/-/terminal.css-0.7.2.tgz",
            "integrity": "sha512-Mo/zv2aKNjBC9Chv8eszRVNAGZu3o2JUP/5A4zuFVn5ZNOrBBo69TI/HTsQIFvYp0ISVNSTmFakiXdp8R/wE1Q==",
            "requires": {
                "cp-file": "^7.0.0"
            }
        }
    }
}
